
Microsoft Visual Studio Solution File, Format Version 12.00
# Visual Studio Version 17
VisualStudioVersion = 17.4.33110.190
MinimumVisualStudioVersion = 10.0.40219.1
Project("{9A19103F-16F7-4668-BE54-9A1E7A4F7556}") = "BlobStorageProj", "PracticalAzure\BlobStorageProj.csproj", "{FF9F57B1-8901-4415-8D92-530067BF2B88}"
EndProject
Project("{9A19103F-16F7-4668-BE54-9A1E7A4F7556}") = "QueueMessagePublisher", "QueueMessagePublisher\QueueMessagePublisher.csproj", "{4B2F967C-F0C9-4E23-9874-56DCF450C3B9}"
EndProject
Project("{2150E333-8FDC-42A3-9474-1A3956D46DE8}") = "StorageAccount", "StorageAccount", "{3F6441C2-6CB0-48FA-96BB-A7325E28CFDF}"
EndProject
Project("{2150E333-8FDC-42A3-9474-1A3956D46DE8}") = "BlobStorage", "BlobStorage", "{6D94EFFB-BF3B-447B-B463-6F1FCB89BC73}"
EndProject
Project("{2150E333-8FDC-42A3-9474-1A3956D46DE8}") = "QueueStorage", "QueueStorage", "{D5E79BA1-9658-4EB2-ABBA-99E6E91E1247}"
EndProject
Project("{9A19103F-16F7-4668-BE54-9A1E7A4F7556}") = "QueueMessageConsumer", "QueueMessageConsumer\QueueMessageConsumer.csproj", "{8FF105D5-8D0D-4AB6-AFAD-8DF330007EBC}"
EndProject
Project("{2150E333-8FDC-42A3-9474-1A3956D46DE8}") = "TableStorage", "TableStorage", "{18ACB630-75E0-4754-9D5F-B4F7E108F792}"
EndProject
Project("{9A19103F-16F7-4668-BE54-9A1E7A4F7556}") = "TableStorageSample", "TableStorageSample\TableStorageSample.csproj", "{BA68FF08-DABD-40CC-89E6-2419855CC121}"
EndProject
Project("{2150E333-8FDC-42A3-9474-1A3956D46DE8}") = "AzureSQL", "AzureSQL", "{3B119556-3FC6-4610-A6D6-BCE482E81836}"
EndProject
Project("{9A19103F-16F7-4668-BE54-9A1E7A4F7556}") = "AzureSqlSample", "AzureSqlSample\AzureSqlSample.csproj", "{23B0EEC4-E4E8-4BDA-8B24-61AF3E505E80}"
EndProject
Project("{2150E333-8FDC-42A3-9474-1A3956D46DE8}") = "CosmosDB", "CosmosDB", "{E4259FB2-E536-417C-B8E0-164A786CBA56}"
EndProject
Project("{9A19103F-16F7-4668-BE54-9A1E7A4F7556}") = "CosmosDBCore", "CosmosDBCore\CosmosDBCore.csproj", "{F603F7FC-F642-4359-BB64-C47B1C851C55}"
EndProject
Project("{9A19103F-16F7-4668-BE54-9A1E7A4F7556}") = "CosmosDbMongo", "CosmosDbMongo\CosmosDbMongo.csproj", "{4D0E314C-2D5B-4056-B44B-8B9265C45C26}"
EndProject
Project("{2150E333-8FDC-42A3-9474-1A3956D46DE8}") = "Redis", "Redis", "{0EC60AA6-1EDC-4389-87FB-EC5010532EA6}"
EndProject
Project("{9A19103F-16F7-4668-BE54-9A1E7A4F7556}") = "RedisCache", "RedisCache\RedisCache.csproj", "{37EBCCA2-4DDE-4D74-9A68-D40FA93E17FA}"
EndProject
Project("{2150E333-8FDC-42A3-9474-1A3956D46DE8}") = "Apps", "Apps", "{DAEA4E1B-8F66-44B5-BDA0-CB6F43215E1D}"
EndProject
Project("{9A19103F-16F7-4668-BE54-9A1E7A4F7556}") = "MvcSample", "MvcSample\MvcSample.csproj", "{331499E4-B4DE-4B7B-AFC5-AD4F47A570F4}"
EndProject
Project("{2150E333-8FDC-42A3-9474-1A3956D46DE8}") = "AzureFunctions", "AzureFunctions", "{6F4F5F4D-8005-486F-914F-47B589629FF9}"
EndProject
Project("{9A19103F-16F7-4668-BE54-9A1E7A4F7556}") = "BlobTriggerIsolatedN", "BlobTriggerIsolatedN\BlobTriggerIsolatedN.csproj", "{8D4D1459-DB12-4ECC-8FF8-D7ADF5091CF1}"
EndProject
Project("{2150E333-8FDC-42A3-9474-1A3956D46DE8}") = "KeyVault", "KeyVault", "{C5C02EFB-4F27-4EFE-A7F7-14E435917D07}"
EndProject
Project("{9A19103F-16F7-4668-BE54-9A1E7A4F7556}") = "KeyVaultConnection", "KeyVaultConnection\KeyVaultConnection.csproj", "{06FCC0C8-B117-4252-94D8-92330BF81005}"
EndProject
Project("{2150E333-8FDC-42A3-9474-1A3956D46DE8}") = "ApplicationInsights", "ApplicationInsights", "{BE077722-D0AB-4C82-B690-244C09A0C091}"
EndProject
Project("{9A19103F-16F7-4668-BE54-9A1E7A4F7556}") = "ToDoAPI", "ToDoAPI\ToDoAPI.csproj", "{B2486E12-D98B-47A1-8D2C-81FEA033F30C}"
EndProject
Project("{9A19103F-16F7-4668-BE54-9A1E7A4F7556}") = "ServiceBusProducent", "ServiceBusProducent\ServiceBusProducent.csproj", "{5F045EFF-DABF-49DF-9422-1771D0C6BC93}"
EndProject
Project("{2150E333-8FDC-42A3-9474-1A3956D46DE8}") = "ServiceBus", "ServiceBus", "{5A1B8099-DD1C-449C-AF07-3AFCC878F1AE}"
EndProject
Project("{9A19103F-16F7-4668-BE54-9A1E7A4F7556}") = "ServiceBusFunctionN", "ServiceBusFunctionN\ServiceBusFunctionN.csproj", "{3D72085A-5ABB-451E-BC37-F5CF827F293D}"
EndProject
Project("{9A19103F-16F7-4668-BE54-9A1E7A4F7556}") = "ServiceBusConsoleWorker", "ServiceBusConsoleWorker\ServiceBusConsoleWorker.csproj", "{7658A01E-B018-464D-870B-208D9A2EB403}"
EndProject
Project("{2150E333-8FDC-42A3-9474-1A3956D46DE8}") = "Utilities", "Utilities", "{977C49C7-9B16-49EE-A4B8-F8CA50640D73}"
EndProject
Project("{9A19103F-16F7-4668-BE54-9A1E7A4F7556}") = "SendGridSample", "SendGridSample\SendGridSample.csproj", "{7019E66B-2C76-4B3E-89D3-D5E7F24BECD8}"
EndProject
Project("{2150E333-8FDC-42A3-9474-1A3956D46DE8}") = "Translator", "Translator", "{3DBD219F-B15B-4D71-B595-F565B9241A54}"
EndProject
Project("{FAE04EC0-301F-11D3-BF4B-00C04F79EFBC}") = "Translator.Console", "Translator.Console\Translator.Console.csproj", "{A7A6D525-6145-4623-A2BE-DC0CC59B1B8F}"
EndProject
Global
	GlobalSection(SolutionConfigurationPlatforms) = preSolution
		Debug|Any CPU = Debug|Any CPU
		Release|Any CPU = Release|Any CPU
	EndGlobalSection
	GlobalSection(ProjectConfigurationPlatforms) = postSolution
		{FF9F57B1-8901-4415-8D92-530067BF2B88}.Debug|Any CPU.ActiveCfg = Debug|Any CPU
		{FF9F57B1-8901-4415-8D92-530067BF2B88}.Debug|Any CPU.Build.0 = Debug|Any CPU
		{FF9F57B1-8901-4415-8D92-530067BF2B88}.Release|Any CPU.ActiveCfg = Release|Any CPU
		{FF9F57B1-8901-4415-8D92-530067BF2B88}.Release|Any CPU.Build.0 = Release|Any CPU
		{4B2F967C-F0C9-4E23-9874-56DCF450C3B9}.Debug|Any CPU.ActiveCfg = Debug|Any CPU
		{4B2F967C-F0C9-4E23-9874-56DCF450C3B9}.Debug|Any CPU.Build.0 = Debug|Any CPU
		{4B2F967C-F0C9-4E23-9874-56DCF450C3B9}.Release|Any CPU.ActiveCfg = Release|Any CPU
		{4B2F967C-F0C9-4E23-9874-56DCF450C3B9}.Release|Any CPU.Build.0 = Release|Any CPU
		{8FF105D5-8D0D-4AB6-AFAD-8DF330007EBC}.Debug|Any CPU.ActiveCfg = Debug|Any CPU
		{8FF105D5-8D0D-4AB6-AFAD-8DF330007EBC}.Debug|Any CPU.Build.0 = Debug|Any CPU
		{8FF105D5-8D0D-4AB6-AFAD-8DF330007EBC}.Release|Any CPU.ActiveCfg = Release|Any CPU
		{8FF105D5-8D0D-4AB6-AFAD-8DF330007EBC}.Release|Any CPU.Build.0 = Release|Any CPU
		{BA68FF08-DABD-40CC-89E6-2419855CC121}.Debug|Any CPU.ActiveCfg = Debug|Any CPU
		{BA68FF08-DABD-40CC-89E6-2419855CC121}.Debug|Any CPU.Build.0 = Debug|Any CPU
		{BA68FF08-DABD-40CC-89E6-2419855CC121}.Release|Any CPU.ActiveCfg = Release|Any CPU
		{BA68FF08-DABD-40CC-89E6-2419855CC121}.Release|Any CPU.Build.0 = Release|Any CPU
		{23B0EEC4-E4E8-4BDA-8B24-61AF3E505E80}.Debug|Any CPU.ActiveCfg = Debug|Any CPU
		{23B0EEC4-E4E8-4BDA-8B24-61AF3E505E80}.Debug|Any CPU.Build.0 = Debug|Any CPU
		{23B0EEC4-E4E8-4BDA-8B24-61AF3E505E80}.Release|Any CPU.ActiveCfg = Release|Any CPU
		{23B0EEC4-E4E8-4BDA-8B24-61AF3E505E80}.Release|Any CPU.Build.0 = Release|Any CPU
		{F603F7FC-F642-4359-BB64-C47B1C851C55}.Debug|Any CPU.ActiveCfg = Debug|Any CPU
		{F603F7FC-F642-4359-BB64-C47B1C851C55}.Debug|Any CPU.Build.0 = Debug|Any CPU
		{F603F7FC-F642-4359-BB64-C47B1C851C55}.Release|Any CPU.ActiveCfg = Release|Any CPU
		{F603F7FC-F642-4359-BB64-C47B1C851C55}.Release|Any CPU.Build.0 = Release|Any CPU
		{4D0E314C-2D5B-4056-B44B-8B9265C45C26}.Debug|Any CPU.ActiveCfg = Debug|Any CPU
		{4D0E314C-2D5B-4056-B44B-8B9265C45C26}.Debug|Any CPU.Build.0 = Debug|Any CPU
		{4D0E314C-2D5B-4056-B44B-8B9265C45C26}.Release|Any CPU.ActiveCfg = Release|Any CPU
		{4D0E314C-2D5B-4056-B44B-8B9265C45C26}.Release|Any CPU.Build.0 = Release|Any CPU
		{37EBCCA2-4DDE-4D74-9A68-D40FA93E17FA}.Debug|Any CPU.ActiveCfg = Debug|Any CPU
		{37EBCCA2-4DDE-4D74-9A68-D40FA93E17FA}.Debug|Any CPU.Build.0 = Debug|Any CPU
		{37EBCCA2-4DDE-4D74-9A68-D40FA93E17FA}.Release|Any CPU.ActiveCfg = Release|Any CPU
		{37EBCCA2-4DDE-4D74-9A68-D40FA93E17FA}.Release|Any CPU.Build.0 = Release|Any CPU
		{331499E4-B4DE-4B7B-AFC5-AD4F47A570F4}.Debug|Any CPU.ActiveCfg = Debug|Any CPU
		{331499E4-B4DE-4B7B-AFC5-AD4F47A570F4}.Debug|Any CPU.Build.0 = Debug|Any CPU
		{331499E4-B4DE-4B7B-AFC5-AD4F47A570F4}.Release|Any CPU.ActiveCfg = Release|Any CPU
		{331499E4-B4DE-4B7B-AFC5-AD4F47A570F4}.Release|Any CPU.Build.0 = Release|Any CPU
		{8D4D1459-DB12-4ECC-8FF8-D7ADF5091CF1}.Debug|Any CPU.ActiveCfg = Debug|Any CPU
		{8D4D1459-DB12-4ECC-8FF8-D7ADF5091CF1}.Debug|Any CPU.Build.0 = Debug|Any CPU
		{8D4D1459-DB12-4ECC-8FF8-D7ADF5091CF1}.Release|Any CPU.ActiveCfg = Release|Any CPU
		{8D4D1459-DB12-4ECC-8FF8-D7ADF5091CF1}.Release|Any CPU.Build.0 = Release|Any CPU
		{06FCC0C8-B117-4252-94D8-92330BF81005}.Debug|Any CPU.ActiveCfg = Debug|Any CPU
		{06FCC0C8-B117-4252-94D8-92330BF81005}.Debug|Any CPU.Build.0 = Debug|Any CPU
		{06FCC0C8-B117-4252-94D8-92330BF81005}.Release|Any CPU.ActiveCfg = Release|Any CPU
		{06FCC0C8-B117-4252-94D8-92330BF81005}.Release|Any CPU.Build.0 = Release|Any CPU
		{B2486E12-D98B-47A1-8D2C-81FEA033F30C}.Debug|Any CPU.ActiveCfg = Debug|Any CPU
		{B2486E12-D98B-47A1-8D2C-81FEA033F30C}.Debug|Any CPU.Build.0 = Debug|Any CPU
		{B2486E12-D98B-47A1-8D2C-81FEA033F30C}.Release|Any CPU.ActiveCfg = Release|Any CPU
		{B2486E12-D98B-47A1-8D2C-81FEA033F30C}.Release|Any CPU.Build.0 = Release|Any CPU
		{5F045EFF-DABF-49DF-9422-1771D0C6BC93}.Debug|Any CPU.ActiveCfg = Debug|Any CPU
		{5F045EFF-DABF-49DF-9422-1771D0C6BC93}.Debug|Any CPU.Build.0 = Debug|Any CPU
		{5F045EFF-DABF-49DF-9422-1771D0C6BC93}.Release|Any CPU.ActiveCfg = Release|Any CPU
		{5F045EFF-DABF-49DF-9422-1771D0C6BC93}.Release|Any CPU.Build.0 = Release|Any CPU
		{3D72085A-5ABB-451E-BC37-F5CF827F293D}.Debug|Any CPU.ActiveCfg = Debug|Any CPU
		{3D72085A-5ABB-451E-BC37-F5CF827F293D}.Debug|Any CPU.Build.0 = Debug|Any CPU
		{3D72085A-5ABB-451E-BC37-F5CF827F293D}.Release|Any CPU.ActiveCfg = Release|Any CPU
		{3D72085A-5ABB-451E-BC37-F5CF827F293D}.Release|Any CPU.Build.0 = Release|Any CPU
		{7658A01E-B018-464D-870B-208D9A2EB403}.Debug|Any CPU.ActiveCfg = Debug|Any CPU
		{7658A01E-B018-464D-870B-208D9A2EB403}.Debug|Any CPU.Build.0 = Debug|Any CPU
		{7658A01E-B018-464D-870B-208D9A2EB403}.Release|Any CPU.ActiveCfg = Release|Any CPU
		{7658A01E-B018-464D-870B-208D9A2EB403}.Release|Any CPU.Build.0 = Release|Any CPU
		{7019E66B-2C76-4B3E-89D3-D5E7F24BECD8}.Debug|Any CPU.ActiveCfg = Debug|Any CPU
		{7019E66B-2C76-4B3E-89D3-D5E7F24BECD8}.Debug|Any CPU.Build.0 = Debug|Any CPU
		{7019E66B-2C76-4B3E-89D3-D5E7F24BECD8}.Release|Any CPU.ActiveCfg = Release|Any CPU
		{7019E66B-2C76-4B3E-89D3-D5E7F24BECD8}.Release|Any CPU.Build.0 = Release|Any CPU
		{A7A6D525-6145-4623-A2BE-DC0CC59B1B8F}.Debug|Any CPU.ActiveCfg = Debug|Any CPU
		{A7A6D525-6145-4623-A2BE-DC0CC59B1B8F}.Debug|Any CPU.Build.0 = Debug|Any CPU
		{A7A6D525-6145-4623-A2BE-DC0CC59B1B8F}.Release|Any CPU.ActiveCfg = Release|Any CPU
		{A7A6D525-6145-4623-A2BE-DC0CC59B1B8F}.Release|Any CPU.Build.0 = Release|Any CPU
	EndGlobalSection
	GlobalSection(SolutionProperties) = preSolution
		HideSolutionNode = FALSE
	EndGlobalSection
	GlobalSection(NestedProjects) = preSolution
		{FF9F57B1-8901-4415-8D92-530067BF2B88} = {6D94EFFB-BF3B-447B-B463-6F1FCB89BC73}
		{4B2F967C-F0C9-4E23-9874-56DCF450C3B9} = {D5E79BA1-9658-4EB2-ABBA-99E6E91E1247}
		{6D94EFFB-BF3B-447B-B463-6F1FCB89BC73} = {3F6441C2-6CB0-48FA-96BB-A7325E28CFDF}
		{D5E79BA1-9658-4EB2-ABBA-99E6E91E1247} = {3F6441C2-6CB0-48FA-96BB-A7325E28CFDF}
		{8FF105D5-8D0D-4AB6-AFAD-8DF330007EBC} = {D5E79BA1-9658-4EB2-ABBA-99E6E91E1247}
		{18ACB630-75E0-4754-9D5F-B4F7E108F792} = {3F6441C2-6CB0-48FA-96BB-A7325E28CFDF}
		{BA68FF08-DABD-40CC-89E6-2419855CC121} = {18ACB630-75E0-4754-9D5F-B4F7E108F792}
		{23B0EEC4-E4E8-4BDA-8B24-61AF3E505E80} = {3B119556-3FC6-4610-A6D6-BCE482E81836}
		{F603F7FC-F642-4359-BB64-C47B1C851C55} = {E4259FB2-E536-417C-B8E0-164A786CBA56}
		{4D0E314C-2D5B-4056-B44B-8B9265C45C26} = {E4259FB2-E536-417C-B8E0-164A786CBA56}
		{37EBCCA2-4DDE-4D74-9A68-D40FA93E17FA} = {0EC60AA6-1EDC-4389-87FB-EC5010532EA6}
		{331499E4-B4DE-4B7B-AFC5-AD4F47A570F4} = {DAEA4E1B-8F66-44B5-BDA0-CB6F43215E1D}
		{8D4D1459-DB12-4ECC-8FF8-D7ADF5091CF1} = {6F4F5F4D-8005-486F-914F-47B589629FF9}
		{06FCC0C8-B117-4252-94D8-92330BF81005} = {C5C02EFB-4F27-4EFE-A7F7-14E435917D07}
		{B2486E12-D98B-47A1-8D2C-81FEA033F30C} = {BE077722-D0AB-4C82-B690-244C09A0C091}
		{5F045EFF-DABF-49DF-9422-1771D0C6BC93} = {5A1B8099-DD1C-449C-AF07-3AFCC878F1AE}
		{3D72085A-5ABB-451E-BC37-F5CF827F293D} = {5A1B8099-DD1C-449C-AF07-3AFCC878F1AE}
		{7658A01E-B018-464D-870B-208D9A2EB403} = {5A1B8099-DD1C-449C-AF07-3AFCC878F1AE}
		{7019E66B-2C76-4B3E-89D3-D5E7F24BECD8} = {977C49C7-9B16-49EE-A4B8-F8CA50640D73}
		{A7A6D525-6145-4623-A2BE-DC0CC59B1B8F} = {3DBD219F-B15B-4D71-B595-F565B9241A54}
	EndGlobalSection
	GlobalSection(ExtensibilityGlobals) = postSolution
		SolutionGuid = {A8FB1E5E-EE29-4712-9075-75ECDA89D9B4}
	EndGlobalSection
EndGlobal
